// !$*UTF8*$!
{
	archiveVersion = 1;
	classes = {
	};
	objectVersion = 46;
	objects = {

/* Begin PBXBuildFile section */
		9033C85A1CD4A96C0018B661 /* ukulele.mp3 in Resources */ = {isa = PBXBuildFile; fileRef = 9033C8591CD4A96C0018B661 /* ukulele.mp3 */; };
		9033C85C1CD4A9E40018B661 /* AppDelegate.swift in Sources */ = {isa = PBXBuildFile; fileRef = 9033C85B1CD4A9E40018B661 /* AppDelegate.swift */; };
		9083B2BB1CD459EE0037391F /* ViewController.swift in Sources */ = {isa = PBXBuildFile; fileRef = 9083B2BA1CD459EE0037391F /* ViewController.swift */; };
		9083B2BE1CD459EE0037391F /* Main.storyboard in Resources */ = {isa = PBXBuildFile; fileRef = 9083B2BC1CD459EE0037391F /* Main.storyboard */; };
		9083B2C01CD459EE0037391F /* Assets.xcassets in Resources */ = {isa = PBXBuildFile; fileRef = 9083B2BF1CD459EE0037391F /* Assets.xcassets */; };
		9083B2C31CD459EE0037391F /* LaunchScreen.storyboard in Resources */ = {isa = PBXBuildFile; fileRef = 9083B2C11CD459EE0037391F /* LaunchScreen.storyboard */; };
/* End PBXBuildFile section */

/* Begin PBXFileReference section */
		9033C8591CD4A96C0018B661 /* ukulele.mp3 */ = {isa = PBXFileReference; lastKnownFileType = audio.mp3; path = ukulele.mp3; sourceTree = "<group>"; };
		9033C85B1CD4A9E40018B661 /* AppDelegate.swift */ = {isa = PBXFileReference; fileEncoding = 4; lastKnownFileType = sourcecode.swift; path = AppDelegate.swift; sourceTree = "<group>"; };
		9083B2B51CD459EE0037391F /* peter.app */ = {isa = PBXFileReference; explicitFileType = wrapper.application; includeInIndex = 0; path = peter.app; sourceTree = BUILT_PRODUCTS_DIR; };
		9083B2BA1CD459EE0037391F /* ViewController.swift */ = {isa = PBXFileReference; lastKnownFileType = sourcecode.swift; path = ViewController.swift; sourceTree = "<group>"; };
		9083B2BD1CD459EE0037391F /* Base */ = {isa = PBXFileReference; lastKnownFileType = file.storyboard; name = Base; path = Base.lproj/Main.storyboard; sourceTree = "<group>"; };
		9083B2BF1CD459EE0037391F /* Assets.xcassets */ = {isa = PBXFileReference; lastKnownFileType = folder.assetcatalog; path = Assets.xcassets; sourceTree = "<group>"; };
		9083B2C21CD459EE0037391F /* Base */ = {isa = PBXFileReference; lastKnownFileType = file.storyboard; name = Base; path = Base.lproj/LaunchScreen.storyboard; sourceTree = "<group>"; };
		9083B2C41CD459EE0037391F /* Info.plist */ = {isa = PBXFileReference; lastKnownFileType = text.plist.xml; path = Info.plist; sourceTree = "<group>"; };
/* End PBXFileReference section */

/* Begin PBXFrameworksBuildPhase section */
		9083B2B21CD459EE0037391F /* Frameworks */ = {
			isa = PBXFrameworksBuildPhase;
			buildActionMask = 2147483647;
			files = (
			);
			runOnlyForDeploymentPostprocessing = 0;
		};
/* End PBXFrameworksBuildPhase section */

/* Begin PBXGroup section */
		9083B2AC1CD459EE0037391F = {
			isa = PBXGroup;
			children = (
				9083B2B71CD459EE0037391F /* peter */,
				9083B2B61CD459EE0037391F /* Products */,
			);
			sourceTree = "<group>";
		};
		9083B2B61CD459EE0037391F /* Products */ = {
			isa = PBXGroup;
			children = (
				9083B2B51CD459EE0037391F /* peter.app */,
			);
			name = Products;
			sourceTree = "<group>";
		};
		9083B2B71CD459EE0037391F /* peter */ = {
			isa = PBXGroup;
			children = (
				9033C85B1CD4A9E40018B661 /* AppDelegate.swift */,
				9033C8591CD4A96C0018B661 /* ukulele.mp3 */,
				9083B2BA1CD459EE0037391F /* ViewController.swift */,
				9083B2BC1CD459EE0037391F /* Main.storyboard */,
				9083B2BF1CD459EE0037391F /* Assets.xcassets */,
				9083B2C11CD459EE0037391F /* LaunchScreen.storyboard */,
				9083B2C41CD459EE0037391F /* Info.plist */,
			);
			path = peter;
			sourceTree = "<group>";
		};
/* End PBXGroup section */

/* Begin PBXNativeTarget section */
		9083B2B41CD459EE0037391F /* peter */ = {
			isa = PBXNativeTarget;
			buildConfigurationList = 9083B2C71CD459EE0037391F /* Build configuration list for PBXNativeTarget "peter" */;
			buildPhases = (
				9083B2B11CD459EE0037391F /* Sources */,
				9083B2B21CD459EE0037391F /* Frameworks */,
				9083B2B31CD459EE0037391F /* Resources */,
			);
			buildRules = (
			);
			dependencies = (
			);
			name = peter;
			productName = peter;
			productReference = 9083B2B51CD459EE0037391F /* peter.app */;
			productType = "com.apple.product-type.application";
		};
/* End PBXNativeTarget section */

/* Begin PBXProject section */
		9083B2AD1CD459EE0037391F /* Project object */ = {
			isa = PBXProject;
			attributes = {
				LastSwiftUpdateCheck = 0730;
				LastUpgradeCheck = 0730;
				ORGANIZATIONNAME = "傅譯賢";
				TargetAttributes = {
					9083B2B41CD459EE0037391F = {
						CreatedOnToolsVersion = 7.3;
						DevelopmentTeam = 8NL233ZSXK;
					};
				};
			};
			buildConfigurationList = 9083B2B01CD459EE0037391F /* Build configuration list for PBXProject "peter" */;
			compatibilityVersion = "Xcode 3.2";
			developmentRegion = English;
			hasScannedForEncodings = 0;
			knownRegions = (
				en,
				Base,
			);
			mainGroup = 9083B2AC1CD459EE0037391F;
			productRefGroup = 9083B2B61CD459EE0037391F /* Products */;
			projectDirPath = "";
			projectRoot = "";
			targets = (
				9083B2B41CD459EE0037391F /* peter */,
			);
		};
/* End PBXProject section */

/* Begin PBXResourcesBuildPhase section */
		9083B2B31CD459EE0037391F /* Resources */ = {
			isa = PBXResourcesBuildPhase;
			buildActionMask = 2147483647;
			files = (
				9033C85A1CD4A96C0018B661 /* ukulele.mp3 in Resources */,
				9083B2C31CD459EE0037391F /* LaunchScreen.storyboard in Resources */,
				9083B2C01CD459EE0037391F /* Assets.xcassets in Resources */,
				9083B2BE1CD459EE0037391F /* Main.storyboard in Resources */,
			);
			runOnlyForDeploymentPostprocessing = 0;
		};
/* End PBXResourcesBuildPhase section */

/* Begin PBXSourcesBuildPhase section */
		9083B2B11CD459EE0037391F /* Sources */ = {
			isa = PBXSourcesBuildPhase;
			buildActionMask = 2147483647;
			files = (
				9033C85C1CD4A9E40018B661 /* AppDelegate.swift in Sources */,
				9083B2BB1CD459EE0037391F /* ViewController.swift in Sources */,
			);
			runOnlyForDeploymentPostprocessing = 0;
		};
/* End PBXSourcesBuildPhase section */

/* Begin PBXVariantGroup section */
		9083B2BC1CD459EE0037391F /* Main.storyboard */ = {
			isa = PBXVariantGroup;
			children = (
				9083B2BD1CD459EE0037391F /* Base */,
			);
			name = Main.storyboard;
			sourceTree = "<group>";
		};
		9083B2C11CD459EE0037391F /* LaunchScreen.storyboard */ = {
			isa = PBXVariantGroup;
			children = (
				9083B2C21CD459EE0037391F /* Base */,
			);
			name = LaunchScreen.storyboard;
			sourceTree = "<group>";
		};
/* End PBXVariantGroup section */

/* Begin XCBuildConfiguration section */
		9083B2C51CD459EE0037391F /* Debug */ = {
			isa = XCBuildConfiguration;
			buildSettings = {
				ALWAYS_SEARCH_USER_PATHS = NO;
				CLANG_ANALYZER_NONNULL = YES;
				CLANG_CXX_LANGUAGE_STANDARD = "gnu++0x";
				CLANG_CXX_LIBRARY = "libc++";
				CLANG_ENABLE_MODULES = YES;
				CLANG_ENABLE_OBJC_ARC = YES;
				CLANG_WARN_BOOL_CONVERSION = YES;
				CLANG_WARN_CONSTANT_CONVERSION = YES;
				CLANG_WARN_DIRECT_OBJC_ISA_USAGE = YES_ERROR;
				CLANG_WARN_EMPTY_BODY = YES;
				CLANG_WARN_ENUM_CONVERSION = YES;
				CLANG_WARN_INT_CONVERSION = YES;
				CLANG_WARN_OBJC_ROOT_CLASS = YES_ERROR;
				CLANG_WARN_UNREACHABLE_CODE = YES;
				CLANG_WARN__DUPLICATE_METHOD_MATCH = YES;
				"CODE_SIGN_IDENTITY[sdk=iphoneos*]" = "iPhone Developer";
				COPY_PHASE_STRIP = NO;
				DEBUG_INFORMATION_FORMAT = dwarf;
				ENABLE_STRICT_OBJC_MSGSEND = YES;
				ENABLE_TESTABILITY = YES;
				GCC_C_LANGUAGE_STANDARD = gnu99;
				GCC_DYNAMIC_NO_PIC = NO;
				GCC_NO_COMMON_BLOCKS = YES;
				GCC_OPTIMIZATION_LEVEL = 0;
				GCC_PREPROCESSOR_DEFINITIONS = (
					"DEBUG=1",
					"$(inherited)",
				);
				GCC_WARN_64_TO_32_BIT_CONVERSION = YES;
				GCC_WARN_ABOUT_RETURN_TYPE = YES_ERROR;
				GCC_WARN_UNDECLARED_SELECTOR = YES;
				GCC_WARN_UNINITIALIZED_AUTOS = YES_AGGRESSIVE;
				GCC_WARN_UNUSED_FUNCTION = YES;
				GCC_WARN_UNUSED_VARIABLE = YES;
				IPHONEOS_DEPLOYMENT_TARGET = 9.3;
				MTL_ENABLE_DEBUG_INFO = YES;
				ONLY_ACTIVE_ARCH = YES;
				SDKROOT = iphoneos;
				SWIFT_OPTIMIZATION_LEVEL = "-Onone";
			};
			name = Debug;
		};
		9083B2C61CD459EE0037391F /* Release */ = {
			isa = XCBuildConfiguration;
			buildSettings = {
				ALWAYS_SEARCH_USER_PATHS = NO;
				CLANG_ANALYZER_NONNULL = YES;
				CLANG_CXX_LANGUAGE_STANDARD = "gnu++0x";
				CLANG_CXX_LIBRARY = "libc++";
				CLANG_ENABLE_MODULES = YES;
				CLANG_ENABLE_OBJC_ARC = YES;
				CLANG_WARN_BOOL_CONVERSION = YES;
				CLANG_WARN_CONSTANT_CONVERSION = YES;
				CLANG_WARN_DIRECT_OBJC_ISA_USAGE = YES_ERROR;
				CLANG_WARN_EMPTY_BODY = YES;
				CLANG_WARN_ENUM_CONVERSION = YES;
				CLANG_WARN_INT_CONVERSION = YES;
				CLANG_WARN_OBJC_ROOT_CLASS = YES_ERROR;
				CLANG_WARN_UNREACHABLE_CODE = YES;
				CLANG_WARN__DUPLICATE_METHOD_MATCH = YES;
				"CODE_SIGN_IDENTITY[sdk=iphoneos*]" = "iPhone Developer";
				COPY_PHASE_STRIP = NO;
				DEBUG_INFORMATION_FORMAT = "dwarf-with-dsym";
				ENABLE_NS_ASSERTIONS = NO;
				ENABLE_STRICT_OBJC_MSGSEND = YES;
				GCC_C_LANGUAGE_STANDARD = gnu99;
				GCC_NO_COMMON_BLOCKS = YES;
				GCC_WARN_64_TO_32_BIT_CONVERSION = YES;
				GCC_WARN_ABOUT_RETURN_TYPE = YES_ERROR;
				GCC_WARN_UNDECLARED_SELECTOR = YES;
				GCC_WARN_UNINITIALIZED_AUTOS = YES_AGGRESSIVE;
				GCC_WARN_UNUSED_FUNCTION = YES;
				GCC_WARN_UNUSED_VARIABLE = YES;
				IPHONEOS_DEPLOYMENT_TARGET = 9.3;
				MTL_ENABLE_DEBUG_INFO = NO;
				SDKROOT = iphoneos;
				VALIDATE_PRODUCT = YES;
			};
			name = Release;
		};
		9083B2C81CD459EE0037391F /* Debug */ = {
			isa = XCBuildConfiguration;
			buildSettings = {
				ASSETCATALOG_COMPILER_APPICON_NAME = AppIcon;
				CODE_SIGN_IDENTITY = "iPhone Developer";
				INFOPLIST_FILE = peter/Info.plist;
				LD_RUNPATH_SEARCH_PATHS = "$(inherited) @executable_path/Frameworks";
				PRODUCT_BUNDLE_IDENTIFIER = com.gisanfu.peter;
				PRODUCT_NAME = "$(TARGET_NAME)";
			};
			name = Debug;
		};
		9083B2C91CD459EE0037391F /* Release */ = {
			isa = XCBuildConfiguration;
			buildSettings = {
				ASSETCATALOG_COMPILER_APPICON_NAME = AppIcon;
				CODE_SIGN_IDENTITY = "iPhone Developer";
				INFOPLIST_FILE = peter/Info.plist;
				LD_RUNPATH_SEARCH_PATHS = "$(inherited) @executable_path/Frameworks";
				PRODUCT_BUNDLE_IDENTIFIER = com.gisanfu.peter;
				PRODUCT_NAME = "$(TARGET_NAME)";
			};
			name = Release;
		};
/* End XCBuildConfiguration section */

/* Begin XCConfigurationList section */
		9083B2B01CD459EE0037391F /* Build configuration list for PBXProject "peter" */ = {
			isa = XCConfigurationList;
			buildConfigurations = (
				9083B2C51CD459EE0037391F /* Debug */,
				9083B2C61CD459EE0037391F /* Release */,
			);
			defaultConfigurationIsVisible = 0;
			defaultConfigurationName = Release;
		};
		9083B2C71CD459EE0037391F /* Build configuration list for PBXNativeTarget "peter" */ = {
			isa = XCConfigurationList;
			buildConfigurations = (
				9083B2C81CD459EE0037391F /* Debug */,
				9083B2C91CD459EE0037391F /* Release */,
			);
			defaultConfigurationIsVisible = 0;
			defaultConfigurationName = Release;
		};
/* End XCConfigurationList section */
	};
	rootObject = 9083B2AD1CD459EE0037391F /* Project object */;
}
